
Microsoft Visual Studio Solution File, Format Version 12.00
# Visual Studio Version 17
VisualStudioVersion = 17.2.32630.192
MinimumVisualStudioVersion = 10.0.40219.1
Project("{888888A0-9F3D-457C-B088-3A5042F75D52}") = "Ejercicio5-Pila", "Ejercicio5-Pila\Ejercicio5-Pila.pyproj", "{66FFBAC8-F536-4DF3-9830-BE416ADD4F25}"
EndProject
Global
	GlobalSection(SolutionConfigurationPlatforms) = preSolution
		Debug|Any CPU = Debug|Any CPU
		Release|Any CPU = Release|Any CPU
	EndGlobalSection
	GlobalSection(ProjectConfigurationPlatforms) = postSolution
		{66FFBAC8-F536-4DF3-9830-BE416ADD4F25}.Debug|Any CPU.ActiveCfg = Debug|Any CPU
		{66FFBAC8-F536-4DF3-9830-BE416ADD4F25}.Release|Any CPU.ActiveCfg = Release|Any CPU
	EndGlobalSection
	GlobalSection(SolutionProperties) = preSolution
		HideSolutionNode = FALSE
	EndGlobalSection
	GlobalSection(ExtensibilityGlobals) = postSolution
		SolutionGuid = {5B60678F-D103-4388-8E28-3441486CD378}
	EndGlobalSection
EndGlobal
